
Microsoft Visual Studio Solution File, Format Version 12.00
# Visual Studio Version 17
VisualStudioVersion = 17.8.34511.84
MinimumVisualStudioVersion = 10.0.40219.1
Project("{FAE04EC0-301F-11D3-BF4B-00C04F79EFBC}") = "loja_makeup", "loja_makeup\loja_makeup.csproj", "{1FF44094-855A-444A-B856-0BFC9C2E8325}"
EndProject
Global
	GlobalSection(SolutionConfigurationPlatforms) = preSolution
		Debug|Any CPU = Debug|Any CPU
		Release|Any CPU = Release|Any CPU
	EndGlobalSection
	GlobalSection(ProjectConfigurationPlatforms) = postSolution
		{1FF44094-855A-444A-B856-0BFC9C2E8325}.Debug|Any CPU.ActiveCfg = Debug|Any CPU
		{1FF44094-855A-444A-B856-0BFC9C2E8325}.Debug|Any CPU.Build.0 = Debug|Any CPU
		{1FF44094-855A-444A-B856-0BFC9C2E8325}.Release|Any CPU.ActiveCfg = Release|Any CPU
		{1FF44094-855A-444A-B856-0BFC9C2E8325}.Release|Any CPU.Build.0 = Release|Any CPU
	EndGlobalSection
	GlobalSection(SolutionProperties) = preSolution
		HideSolutionNode = FALSE
	EndGlobalSection
	GlobalSection(ExtensibilityGlobals) = postSolution
		SolutionGuid = {3C724A04-BA0E-4791-B2FA-AB2F8133986A}
	EndGlobalSection
EndGlobal
